
Microsoft Visual Studio Solution File, Format Version 12.00
# Visual Studio Version 17
VisualStudioVersion = 17.10.34916.146
MinimumVisualStudioVersion = 10.0.40219.1
Project("{9A19103F-16F7-4668-BE54-9A1E7A4F7556}") = "PersonalRegister", "PersonalRegister\PersonalRegister.csproj", "{6470BDFB-09DA-4DBD-9F29-068670DEC180}"
EndProject
Project("{FAE04EC0-301F-11D3-BF4B-00C04F79EFBC}") = "PersonalRegister.Helpers", "PersonalRegister.Helper\PersonalRegister.Helpers.csproj", "{AECC2EC5-0331-4636-8829-B8CAA4637BD7}"
EndProject
Global
	GlobalSection(SolutionConfigurationPlatforms) = preSolution
		Debug|Any CPU = Debug|Any CPU
		Release|Any CPU = Release|Any CPU
	EndGlobalSection
	GlobalSection(ProjectConfigurationPlatforms) = postSolution
		{6470BDFB-09DA-4DBD-9F29-068670DEC180}.Debug|Any CPU.ActiveCfg = Debug|Any CPU
		{6470BDFB-09DA-4DBD-9F29-068670DEC180}.Debug|Any CPU.Build.0 = Debug|Any CPU
		{6470BDFB-09DA-4DBD-9F29-068670DEC180}.Release|Any CPU.ActiveCfg = Release|Any CPU
		{6470BDFB-09DA-4DBD-9F29-068670DEC180}.Release|Any CPU.Build.0 = Release|Any CPU
		{AECC2EC5-0331-4636-8829-B8CAA4637BD7}.Debug|Any CPU.ActiveCfg = Debug|Any CPU
		{AECC2EC5-0331-4636-8829-B8CAA4637BD7}.Debug|Any CPU.Build.0 = Debug|Any CPU
		{AECC2EC5-0331-4636-8829-B8CAA4637BD7}.Release|Any CPU.ActiveCfg = Release|Any CPU
		{AECC2EC5-0331-4636-8829-B8CAA4637BD7}.Release|Any CPU.Build.0 = Release|Any CPU
	EndGlobalSection
	GlobalSection(SolutionProperties) = preSolution
		HideSolutionNode = FALSE
	EndGlobalSection
	GlobalSection(ExtensibilityGlobals) = postSolution
		SolutionGuid = {7E5402DC-D592-49CA-A8FF-C1E63D8DA340}
	EndGlobalSection
EndGlobal
